
Microsoft Visual Studio Solution File, Format Version 12.00
# Visual Studio Version 16
VisualStudioVersion = 16.0.31702.278
MinimumVisualStudioVersion = 10.0.40219.1
Project("{8BC9CEB8-8B4A-11D0-8D11-00A0C91BC942}") = "10.2", "10.2\10.2.vcxproj", "{149561EC-9070-441E-B4CA-D295166413DB}"
EndProject
Project("{8BC9CEB8-8B4A-11D0-8D11-00A0C91BC942}") = "10.6", "10.6\10.6.vcxproj", "{6E09F261-3D8B-4906-BBAE-12EE6634029A}"
EndProject
Project("{8BC9CEB8-8B4A-11D0-8D11-00A0C91BC942}") = "10.8", "10.8\10.8.vcxproj", "{E6F09027-E6CB-4D65-AFE4-47AD98B57DAE}"
EndProject
Project("{8BC9CEB8-8B4A-11D0-8D11-00A0C91BC942}") = "10.11", "10.11\10.11.vcxproj", "{20ED8B2E-CBBD-4CDC-A780-BE4EB5A73B0B}"
EndProject
Project("{8BC9CEB8-8B4A-11D0-8D11-00A0C91BC942}") = "10.13", "10.13\10.13.vcxproj", "{16CE593F-B7D5-4DA3-B8EF-DDF1038A0609}"
EndProject
Global
	GlobalSection(SolutionConfigurationPlatforms) = preSolution
		Debug|x64 = Debug|x64
		Debug|x86 = Debug|x86
		Release|x64 = Release|x64
		Release|x86 = Release|x86
	EndGlobalSection
	GlobalSection(ProjectConfigurationPlatforms) = postSolution
		{149561EC-9070-441E-B4CA-D295166413DB}.Debug|x64.ActiveCfg = Debug|x64
		{149561EC-9070-441E-B4CA-D295166413DB}.Debug|x64.Build.0 = Debug|x64
		{149561EC-9070-441E-B4CA-D295166413DB}.Debug|x86.ActiveCfg = Debug|Win32
		{149561EC-9070-441E-B4CA-D295166413DB}.Debug|x86.Build.0 = Debug|Win32
		{149561EC-9070-441E-B4CA-D295166413DB}.Release|x64.ActiveCfg = Release|x64
		{149561EC-9070-441E-B4CA-D295166413DB}.Release|x64.Build.0 = Release|x64
		{149561EC-9070-441E-B4CA-D295166413DB}.Release|x86.ActiveCfg = Release|Win32
		{149561EC-9070-441E-B4CA-D295166413DB}.Release|x86.Build.0 = Release|Win32
		{6E09F261-3D8B-4906-BBAE-12EE6634029A}.Debug|x64.ActiveCfg = Debug|x64
		{6E09F261-3D8B-4906-BBAE-12EE6634029A}.Debug|x64.Build.0 = Debug|x64
		{6E09F261-3D8B-4906-BBAE-12EE6634029A}.Debug|x86.ActiveCfg = Debug|Win32
		{6E09F261-3D8B-4906-BBAE-12EE6634029A}.Debug|x86.Build.0 = Debug|Win32
		{6E09F261-3D8B-4906-BBAE-12EE6634029A}.Release|x64.ActiveCfg = Release|x64
		{6E09F261-3D8B-4906-BBAE-12EE6634029A}.Release|x64.Build.0 = Release|x64
		{6E09F261-3D8B-4906-BBAE-12EE6634029A}.Release|x86.ActiveCfg = Release|Win32
		{6E09F261-3D8B-4906-BBAE-12EE6634029A}.Release|x86.Build.0 = Release|Win32
		{E6F09027-E6CB-4D65-AFE4-47AD98B57DAE}.Debug|x64.ActiveCfg = Debug|x64
		{E6F09027-E6CB-4D65-AFE4-47AD98B57DAE}.Debug|x64.Build.0 = Debug|x64
		{E6F09027-E6CB-4D65-AFE4-47AD98B57DAE}.Debug|x86.ActiveCfg = Debug|Win32
		{E6F09027-E6CB-4D65-AFE4-47AD98B57DAE}.Debug|x86.Build.0 = Debug|Win32
		{E6F09027-E6CB-4D65-AFE4-47AD98B57DAE}.Release|x64.ActiveCfg = Release|x64
		{E6F09027-E6CB-4D65-AFE4-47AD98B57DAE}.Release|x64.Build.0 = Release|x64
		{E6F09027-E6CB-4D65-AFE4-47AD98B57DAE}.Release|x86.ActiveCfg = Release|Win32
		{E6F09027-E6CB-4D65-AFE4-47AD98B57DAE}.Release|x86.Build.0 = Release|Win32
		{20ED8B2E-CBBD-4CDC-A780-BE4EB5A73B0B}.Debug|x64.ActiveCfg = Debug|x64
		{20ED8B2E-CBBD-4CDC-A780-BE4EB5A73B0B}.Debug|x64.Build.0 = Debug|x64
		{20ED8B2E-CBBD-4CDC-A780-BE4EB5A73B0B}.Debug|x86.ActiveCfg = Debug|Win32
		{20ED8B2E-CBBD-4CDC-A780-BE4EB5A73B0B}.Debug|x86.Build.0 = Debug|Win32
		{20ED8B2E-CBBD-4CDC-A780-BE4EB5A73B0B}.Release|x64.ActiveCfg = Release|x64
		{20ED8B2E-CBBD-4CDC-A780-BE4EB5A73B0B}.Release|x64.Build.0 = Release|x64
		{20ED8B2E-CBBD-4CDC-A780-BE4EB5A73B0B}.Release|x86.ActiveCfg = Release|Win32
		{20ED8B2E-CBBD-4CDC-A780-BE4EB5A73B0B}.Release|x86.Build.0 = Release|Win32
		{16CE593F-B7D5-4DA3-B8EF-DDF1038A0609}.Debug|x64.ActiveCfg = Debug|x64
		{16CE593F-B7D5-4DA3-B8EF-DDF1038A0609}.Debug|x64.Build.0 = Debug|x64
		{16CE593F-B7D5-4DA3-B8EF-DDF1038A0609}.Debug|x86.ActiveCfg = Debug|Win32
		{16CE593F-B7D5-4DA3-B8EF-DDF1038A0609}.Debug|x86.Build.0 = Debug|Win32
		{16CE593F-B7D5-4DA3-B8EF-DDF1038A0609}.Release|x64.ActiveCfg = Release|x64
		{16CE593F-B7D5-4DA3-B8EF-DDF1038A0609}.Release|x64.Build.0 = Release|x64
		{16CE593F-B7D5-4DA3-B8EF-DDF1038A0609}.Release|x86.ActiveCfg = Release|Win32
		{16CE593F-B7D5-4DA3-B8EF-DDF1038A0609}.Release|x86.Build.0 = Release|Win32
	EndGlobalSection
	GlobalSection(SolutionProperties) = preSolution
		HideSolutionNode = FALSE
	EndGlobalSection
	GlobalSection(ExtensibilityGlobals) = postSolution
		SolutionGuid = {BBAD9109-C89A-444A-B274-AA87900D42B3}
	EndGlobalSection
EndGlobal
